# THIS IS AN AUTOGENERATED FILE. DO NOT EDIT THIS FILE DIRECTLY.
# yarn lockfile v1


"@types/accepts@*":
  version "1.3.5"
  resolved "https://registry.yarnpkg.com/@types/accepts/-/accepts-1.3.5.tgz#c34bec115cfc746e04fe5a059df4ce7e7b391575"
  integrity sha512-jOdnI/3qTpHABjM5cx1Hc0sKsPoYCp+DP/GJRGtDlPd7fiV9oXGGIcjW/ZOxLIvjGz8MA+uMZI9metHlgqbgwQ==
  dependencies:
    "@types/node" "*"

"@types/body-parser@*":
  version "1.19.0"
  resolved "https://registry.yarnpkg.com/@types/body-parser/-/body-parser-1.19.0.tgz#0685b3c47eb3006ffed117cdd55164b61f80538f"
  integrity sha512-W98JrE0j2K78swW4ukqMleo8R7h/pFETjM2DQ90MF6XK2i4LO4W3gQ71Lt4w3bfm2EvVSyWHplECvB5sK22yFQ==
  dependencies:
    "@types/connect" "*"
    "@types/node" "*"

"@types/connect-history-api-fallback@^1.3.3":
  version "1.3.3"
  resolved "https://registry.yarnpkg.com/@types/connect-history-api-fallback/-/connect-history-api-fallback-1.3.3.tgz#4772b79b8b53185f0f4c9deab09236baf76ee3b4"
  integrity sha512-7SxFCd+FLlxCfwVwbyPxbR4khL9aNikJhrorw8nUIOqeuooc9gifBuDQOJw5kzN7i6i3vLn9G8Wde/4QDihpYw==
  dependencies:
    "@types/express-serve-static-core" "*"
    "@types/node" "*"

"@types/connect@*":
  version "3.4.33"
  resolved "https://registry.yarnpkg.com/@types/connect/-/connect-3.4.33.tgz#31610c901eca573b8713c3330abc6e6b9f588546"
  integrity sha512-2+FrkXY4zllzTNfJth7jOqEHC+enpLeGslEhpnTAkg21GkRrWV4SsAtqchtT4YS9/nODBU2/ZfsBY2X4J/dX7A==
  dependencies:
    "@types/node" "*"

"@types/content-disposition@*":
  version "0.5.3"
  resolved "https://registry.yarnpkg.com/@types/content-disposition/-/content-disposition-0.5.3.tgz#0aa116701955c2faa0717fc69cd1596095e49d96"
  integrity sha512-P1bffQfhD3O4LW0ioENXUhZ9OIa0Zn+P7M+pWgkCKaT53wVLSq0mrKksCID/FGHpFhRSxRGhgrQmfhRuzwtKdg==

"@types/cookies@*":
  version "0.7.4"
  resolved "https://registry.yarnpkg.com/@types/cookies/-/cookies-0.7.4.tgz#26dedf791701abc0e36b5b79a5722f40e455f87b"
  integrity sha512-oTGtMzZZAVuEjTwCjIh8T8FrC8n/uwy+PG0yTvQcdZ7etoel7C7/3MSd7qrukENTgQtotG7gvBlBojuVs7X5rw==
  dependencies:
    "@types/connect" "*"
    "@types/express" "*"
    "@types/keygrip" "*"
    "@types/node" "*"

"@types/express-serve-static-core@*":
  version "4.17.12"
  resolved "https://registry.yarnpkg.com/@types/express-serve-static-core/-/express-serve-static-core-4.17.12.tgz#9a487da757425e4f267e7d1c5720226af7f89591"
  integrity sha512-EaEdY+Dty1jEU7U6J4CUWwxL+hyEGMkO5jan5gplfegUgCUsIUWqXxqw47uGjimeT4Qgkz/XUfwoau08+fgvKA==
  dependencies:
    "@types/node" "*"
    "@types/qs" "*"
    "@types/range-parser" "*"

"@types/express@*":
  version "4.17.8"
  resolved "https://registry.yarnpkg.com/@types/express/-/express-4.17.8.tgz#3df4293293317e61c60137d273a2e96cd8d5f27a"
  integrity sha512-wLhcKh3PMlyA2cNAB9sjM1BntnhPMiM0JOBwPBqttjHev2428MLEB4AYVN+d8s2iyCVZac+o41Pflm/ZH5vLXQ==
  dependencies:
    "@types/body-parser" "*"
    "@types/express-serve-static-core" "*"
    "@types/qs" "*"
    "@types/serve-static" "*"

"@types/http-assert@*":
  version "1.5.1"
  resolved "https://registry.yarnpkg.com/@types/http-assert/-/http-assert-1.5.1.tgz#d775e93630c2469c2f980fc27e3143240335db3b"
  integrity sha512-PGAK759pxyfXE78NbKxyfRcWYA/KwW17X290cNev/qAsn9eQIxkH4shoNBafH37wewhDG/0p1cHPbK6+SzZjWQ==

"@types/http-errors@*":
  version "1.8.0"
  resolved "https://registry.yarnpkg.com/@types/http-errors/-/http-errors-1.8.0.tgz#682477dbbbd07cd032731cb3b0e7eaee3d026b69"
  integrity sha512-2aoSC4UUbHDj2uCsCxcG/vRMXey/m17bC7UwitVm5hn22nI8O8Y9iDpA76Orc+DWkQ4zZrOKEshCqR/jSuXAHA==

"@types/keygrip@*":
  version "1.0.2"
  resolved "https://registry.yarnpkg.com/@types/keygrip/-/keygrip-1.0.2.tgz#513abfd256d7ad0bf1ee1873606317b33b1b2a72"
  integrity sha512-GJhpTepz2udxGexqos8wgaBx4I/zWIDPh/KOGEwAqtuGDkOUJu5eFvwmdBX4AmB8Odsr+9pHCQqiAqDL/yKMKw==

"@types/koa-compose@*":
  version "3.2.5"
  resolved "https://registry.yarnpkg.com/@types/koa-compose/-/koa-compose-3.2.5.tgz#85eb2e80ac50be95f37ccf8c407c09bbe3468e9d"
  integrity sha512-B8nG/OoE1ORZqCkBVsup/AKcvjdgoHnfi4pZMn5UwAPCbhk/96xyv284eBYW8JlQbQ7zDmnpFr68I/40mFoIBQ==
  dependencies:
    "@types/koa" "*"

"@types/koa@*":
  version "2.11.4"
  resolved "https://registry.yarnpkg.com/@types/koa/-/koa-2.11.4.tgz#8af02a069a9f8e08fa47b8da28d982e652f69cfb"
  integrity sha512-Etqs0kdqbuAsNr5k6mlZQelpZKVwMu9WPRHVVTLnceZlhr0pYmblRNJbCgoCMzKWWePldydU0AYEOX4Q9fnGUQ==
  dependencies:
    "@types/accepts" "*"
    "@types/content-disposition" "*"
    "@types/cookies" "*"
    "@types/http-assert" "*"
    "@types/http-errors" "*"
    "@types/keygrip" "*"
    "@types/koa-compose" "*"
    "@types/node" "*"

"@types/mime@*":
  version "2.0.3"
  resolved "https://registry.yarnpkg.com/@types/mime/-/mime-2.0.3.tgz#c893b73721db73699943bfc3653b1deb7faa4a3a"
  integrity sha512-Jus9s4CDbqwocc5pOAnh8ShfrnMcPHuJYzVcSUU7lrh8Ni5HuIqX3oilL86p3dlTrk0LzHRCgA/GQ7uNCw6l2Q==

"@types/node@*":
  version "14.6.4"
  resolved "https://registry.yarnpkg.com/@types/node/-/node-14.6.4.tgz#a145cc0bb14ef9c4777361b7bbafa5cf8e3acb5a"
  integrity sha512-Wk7nG1JSaMfMpoMJDKUsWYugliB2Vy55pdjLpmLixeyMi7HizW2I/9QoxsPCkXl3dO+ZOVqPumKaDUv5zJu2uQ==

"@types/qs@*":
  version "6.9.4"
  resolved "https://registry.yarnpkg.com/@types/qs/-/qs-6.9.4.tgz#a59e851c1ba16c0513ea123830dd639a0a15cb6a"
  integrity sha512-+wYo+L6ZF6BMoEjtf8zB2esQsqdV6WsjRK/GP9WOgLPrq87PbNWgIxS76dS5uvl/QXtHGakZmwTznIfcPXcKlQ==

"@types/range-parser@*":
  version "1.2.3"
  resolved "https://registry.yarnpkg.com/@types/range-parser/-/range-parser-1.2.3.tgz#7ee330ba7caafb98090bece86a5ee44115904c2c"
  integrity sha512-ewFXqrQHlFsgc09MK5jP5iR7vumV/BYayNC6PgJO2LPe8vrnNFyjQjSppfEngITi0qvfKtzFvgKymGheFM9UOA==

"@types/serve-static@*":
  version "1.13.5"
  resolved "https://registry.yarnpkg.com/@types/serve-static/-/serve-static-1.13.5.tgz#3d25d941a18415d3ab092def846e135a08bbcf53"
  integrity sha512-6M64P58N+OXjU432WoLLBQxbA0LRGBCRm7aAGQJ+SMC1IMl0dgRVi9EFfoDcS2a7Xogygk/eGN94CfwU9UF7UQ==
  dependencies:
    "@types/express-serve-static-core" "*"
    "@types/mime" "*"

connect-history-api-fallback@^1.6.0:
  version "1.6.0"
  resolved "https://registry.yarnpkg.com/connect-history-api-fallback/-/connect-history-api-fallback-1.6.0.tgz#8b32089359308d111115d81cad3fceab888f97bc"
  integrity sha512-e54B99q/OUoH64zYYRf3HBP5z24G38h5D3qXu23JGRoigpX5Ss4r9ZnDk3g0Z8uQC2x2lPaJ+UlWBc1ZWBWdLg==

"prettier@^1.18 || ^2":
  version "2.1.1"
  resolved "https://registry.yarnpkg.com/prettier/-/prettier-2.1.1.tgz#d9485dd5e499daa6cb547023b87a6cf51bee37d6"
  integrity sha512-9bY+5ZWCfqj3ghYBLxApy2zf6m+NJo5GzmLTpr9FsApsfjriNnS2dahWReHMi7qNPhhHl9SYHJs2cHZLgexNIw==

"typescript@^3 || ^4":
  version "4.0.2"
  resolved "https://registry.yarnpkg.com/typescript/-/typescript-4.0.2.tgz#7ea7c88777c723c681e33bf7988be5d008d05ac2"
  integrity sha512-e4ERvRV2wb+rRZ/IQeb3jm2VxBsirQLpQhdxplZ2MEzGvDkkMmPglecnNDfSUBivMjP93vRbngYYDQqQ/78bcQ==
